
Microsoft Visual Studio Solution File, Format Version 10.00
# Visual Studio 2008
Project("{FAE04EC0-301F-11D3-BF4B-00C04F79EFBC}") = "rfidCheck", "rfidCheck\rfidCheck.csproj", "{601515F0-65F7-4F42-99F7-20E6C8572933}"
EndProject
Global
	GlobalSection(SolutionConfigurationPlatforms) = preSolution
		Debug|Any CPU = Debug|Any CPU
		Release|Any CPU = Release|Any CPU
	EndGlobalSection
	GlobalSection(ProjectConfigurationPlatforms) = postSolution
		{601515F0-65F7-4F42-99F7-20E6C8572933}.Debug|Any CPU.ActiveCfg = Debug|Any CPU
		{601515F0-65F7-4F42-99F7-20E6C8572933}.Debug|Any CPU.Build.0 = Debug|Any CPU
		{601515F0-65F7-4F42-99F7-20E6C8572933}.Release|Any CPU.ActiveCfg = Release|Any CPU
		{601515F0-65F7-4F42-99F7-20E6C8572933}.Release|Any CPU.Build.0 = Release|Any CPU
	EndGlobalSection
	GlobalSection(SolutionProperties) = preSolution
		HideSolutionNode = FALSE
	EndGlobalSection
EndGlobal
